
Microsoft Visual Studio Solution File, Format Version 12.00
# Visual Studio Version 16
VisualStudioVersion = 16.0.31105.61
MinimumVisualStudioVersion = 10.0.40219.1
Project("{FAE04EC0-301F-11D3-BF4B-00C04F79EFBC}") = "EmployeeWage", "EmployeeWage.csproj", "{1A6AC2D4-A86E-42DE-B80E-8BBDC0C3C70F}"
EndProject
Global
	GlobalSection(SolutionConfigurationPlatforms) = preSolution
		Debug|Any CPU = Debug|Any CPU
		Release|Any CPU = Release|Any CPU
	EndGlobalSection
	GlobalSection(ProjectConfigurationPlatforms) = postSolution
		{1A6AC2D4-A86E-42DE-B80E-8BBDC0C3C70F}.Debug|Any CPU.ActiveCfg = Debug|Any CPU
		{1A6AC2D4-A86E-42DE-B80E-8BBDC0C3C70F}.Debug|Any CPU.Build.0 = Debug|Any CPU
		{1A6AC2D4-A86E-42DE-B80E-8BBDC0C3C70F}.Release|Any CPU.ActiveCfg = Release|Any CPU
		{1A6AC2D4-A86E-42DE-B80E-8BBDC0C3C70F}.Release|Any CPU.Build.0 = Release|Any CPU
	EndGlobalSection
	GlobalSection(SolutionProperties) = preSolution
		HideSolutionNode = FALSE
	EndGlobalSection
	GlobalSection(ExtensibilityGlobals) = postSolution
		SolutionGuid = {A0A0A9C1-4E90-45F5-B017-45469E477A30}
	EndGlobalSection
EndGlobal
